
Microsoft Visual Studio Solution File, Format Version 12.00
# Visual Studio 2013
VisualStudioVersion = 12.0.31101.0
MinimumVisualStudioVersion = 10.0.40219.1
Project("{FAE04EC0-301F-11D3-BF4B-00C04F79EFBC}") = "WpfCSharpDirectX", "WpfCSharpDirectX\WpfCSharpDirectX.csproj", "{AFBA93CB-308B-4A86-9A9D-2F668ECFBB70}"
EndProject
Global
	GlobalSection(SolutionConfigurationPlatforms) = preSolution
		Debug|Any CPU = Debug|Any CPU
		Release|Any CPU = Release|Any CPU
	EndGlobalSection
	GlobalSection(ProjectConfigurationPlatforms) = postSolution
		{AFBA93CB-308B-4A86-9A9D-2F668ECFBB70}.Debug|Any CPU.ActiveCfg = Debug|Any CPU
		{AFBA93CB-308B-4A86-9A9D-2F668ECFBB70}.Debug|Any CPU.Build.0 = Debug|Any CPU
		{AFBA93CB-308B-4A86-9A9D-2F668ECFBB70}.Release|Any CPU.ActiveCfg = Release|Any CPU
		{AFBA93CB-308B-4A86-9A9D-2F668ECFBB70}.Release|Any CPU.Build.0 = Release|Any CPU
	EndGlobalSection
	GlobalSection(SolutionProperties) = preSolution
		HideSolutionNode = FALSE
	EndGlobalSection
EndGlobal
